
Microsoft Visual Studio Solution File, Format Version 12.00
# Visual Studio Version 17
VisualStudioVersion = 17.3.32825.248
MinimumVisualStudioVersion = 10.0.40219.1
Project("{FAE04EC0-301F-11D3-BF4B-00C04F79EFBC}") = "PrimProj", "PrimProj\PrimProj.csproj", "{BBE51BDB-13CB-4C3C-B1DE-EC83081FB87D}"
EndProject
Global
	GlobalSection(SolutionConfigurationPlatforms) = preSolution
		Debug|Any CPU = Debug|Any CPU
		Release|Any CPU = Release|Any CPU
	EndGlobalSection
	GlobalSection(ProjectConfigurationPlatforms) = postSolution
		{BBE51BDB-13CB-4C3C-B1DE-EC83081FB87D}.Debug|Any CPU.ActiveCfg = Debug|Any CPU
		{BBE51BDB-13CB-4C3C-B1DE-EC83081FB87D}.Debug|Any CPU.Build.0 = Debug|Any CPU
		{BBE51BDB-13CB-4C3C-B1DE-EC83081FB87D}.Release|Any CPU.ActiveCfg = Release|Any CPU
		{BBE51BDB-13CB-4C3C-B1DE-EC83081FB87D}.Release|Any CPU.Build.0 = Release|Any CPU
	EndGlobalSection
	GlobalSection(SolutionProperties) = preSolution
		HideSolutionNode = FALSE
	EndGlobalSection
	GlobalSection(ExtensibilityGlobals) = postSolution
		SolutionGuid = {B2883C6D-85C5-4930-80BD-373668EE6265}
	EndGlobalSection
EndGlobal
